// !$*UTF8*$!
{
	archiveVersion = 1;
	classes = {
	};
	objectVersion = 52;
	objects = {

/* Begin PBXBuildFile section */
		C004A2B62658F17B0071E12A /* LabelLite.swift in Sources */ = {isa = PBXBuildFile; fileRef = C004A2B52658F17B0071E12A /* LabelLite.swift */; };
		C004A2B82658F2E70071E12A /* ModificationInfo.swift in Sources */ = {isa = PBXBuildFile; fileRef = C004A2B72658F2E70071E12A /* ModificationInfo.swift */; };
		C004A2BB2658F3290071E12A /* UserLite.swift in Sources */ = {isa = PBXBuildFile; fileRef = C004A2BA2658F3290071E12A /* UserLite.swift */; };
		C004A2BE2658F3760071E12A /* StringExtensions.swift in Sources */ = {isa = PBXBuildFile; fileRef = C004A2BD2658F3760071E12A /* StringExtensions.swift */; };
		C004A2C02658F4F40071E12A /* DateFormatterExtensions.swift in Sources */ = {isa = PBXBuildFile; fileRef = C004A2BF2658F4F40071E12A /* DateFormatterExtensions.swift */; };
		C004A2C42658FBF00071E12A /* UserLiteTests.swift in Sources */ = {isa = PBXBuildFile; fileRef = C004A2C32658FBF00071E12A /* UserLiteTests.swift */; };
		C004A2C62658FE310071E12A /* ModificationInfoTests.swift in Sources */ = {isa = PBXBuildFile; fileRef = C004A2C52658FE310071E12A /* ModificationInfoTests.swift */; };
		C004A2C9265900B50071E12A /* LabelLiteTests.swift in Sources */ = {isa = PBXBuildFile; fileRef = C004A2C8265900B50071E12A /* LabelLiteTests.swift */; };
		C004A2CB26590D380071E12A /* IntExtensions.swift in Sources */ = {isa = PBXBuildFile; fileRef = C004A2CA26590D380071E12A /* IntExtensions.swift */; };
		C004A2CD26590EB50071E12A /* Metal_ArchivesUITests.swift in Sources */ = {isa = PBXBuildFile; fileRef = C004A2CC26590EB50071E12A /* Metal_ArchivesUITests.swift */; };
		C004A2D026590FBD0071E12A /* BandStatusTests.swift in Sources */ = {isa = PBXBuildFile; fileRef = C004A2CF26590FBD0071E12A /* BandStatusTests.swift */; };
		C004A2D3265916020071E12A /* Release.swift in Sources */ = {isa = PBXBuildFile; fileRef = C004A2D2265916020071E12A /* Release.swift */; };
		C004A2D6265918170071E12A /* ReleaseTypeTests.swift in Sources */ = {isa = PBXBuildFile; fileRef = C004A2D5265918170071E12A /* ReleaseTypeTests.swift */; };
		C00A79D226570245004FA9D7 /* Metal_ArchivesApp.swift in Sources */ = {isa = PBXBuildFile; fileRef = C00A79D126570245004FA9D7 /* Metal_ArchivesApp.swift */; };
		C00A79D426570245004FA9D7 /* ContentView.swift in Sources */ = {isa = PBXBuildFile; fileRef = C00A79D326570245004FA9D7 /* ContentView.swift */; };
		C00A79D62657024A004FA9D7 /* Assets.xcassets in Resources */ = {isa = PBXBuildFile; fileRef = C00A79D52657024A004FA9D7 /* Assets.xcassets */; };
		C00A79D92657024A004FA9D7 /* Preview Assets.xcassets in Resources */ = {isa = PBXBuildFile; fileRef = C00A79D82657024A004FA9D7 /* Preview Assets.xcassets */; };
		C0250C1B265A385400BB6CD9 /* DiscographyTests.swift in Sources */ = {isa = PBXBuildFile; fileRef = C0250C1A265A385400BB6CD9 /* DiscographyTests.swift */; };
		C0250C20265A391400BB6CD9 /* DiscographyLoggedIn.html in Resources */ = {isa = PBXBuildFile; fileRef = C0250C1F265A391400BB6CD9 /* DiscographyLoggedIn.html */; };
		C0250C22265A39DB00BB6CD9 /* DiscographyPublic.html in Resources */ = {isa = PBXBuildFile; fileRef = C0250C21265A39DB00BB6CD9 /* DiscographyPublic.html */; };
		C0250C24265A3AA700BB6CD9 /* DiscographyEmpty.html in Resources */ = {isa = PBXBuildFile; fileRef = C0250C23265A3AA700BB6CD9 /* DiscographyEmpty.html */; };
		C0250C29265A432500BB6CD9 /* DataExtensions.swift in Sources */ = {isa = PBXBuildFile; fileRef = C0250C28265A432500BB6CD9 /* DataExtensions.swift */; };
		C0250C2E265A541400BB6CD9 /* BandSimilarsLoggedIn.html in Resources */ = {isa = PBXBuildFile; fileRef = C0250C2D265A541400BB6CD9 /* BandSimilarsLoggedIn.html */; };
		C0250C30265A543500BB6CD9 /* BandSimilarsPublic.html in Resources */ = {isa = PBXBuildFile; fileRef = C0250C2F265A543500BB6CD9 /* BandSimilarsPublic.html */; };
		C0250C32265A545E00BB6CD9 /* BandSimilarsEmpty.html in Resources */ = {isa = PBXBuildFile; fileRef = C0250C31265A545E00BB6CD9 /* BandSimilarsEmpty.html */; };
		C0250C34265A548F00BB6CD9 /* BandSimilarTests.swift in Sources */ = {isa = PBXBuildFile; fileRef = C0250C33265A548F00BB6CD9 /* BandSimilarTests.swift */; };
		C0387399265996AE00D2FD5E /* BandStatus.swift in Sources */ = {isa = PBXBuildFile; fileRef = C0387398265996AE00D2FD5E /* BandStatus.swift */; };
		C038739B265996F000D2FD5E /* ReleaseType.swift in Sources */ = {isa = PBXBuildFile; fileRef = C038739A265996F000D2FD5E /* ReleaseType.swift */; };
		C038739D2659A7E700D2FD5E /* BandLite.swift in Sources */ = {isa = PBXBuildFile; fileRef = C038739C2659A7E700D2FD5E /* BandLite.swift */; };
		C03873A02659A92F00D2FD5E /* ArtistLite.swift in Sources */ = {isa = PBXBuildFile; fileRef = C038739F2659A92F00D2FD5E /* ArtistLite.swift */; };
		C03873A22659AAD000D2FD5E /* BandSimilar.swift in Sources */ = {isa = PBXBuildFile; fileRef = C03873A12659AAD000D2FD5E /* BandSimilar.swift */; };
		C03873A42659AB3600D2FD5E /* RelatedLink.swift in Sources */ = {isa = PBXBuildFile; fileRef = C03873A32659AB3600D2FD5E /* RelatedLink.swift */; };
		C03873A62659AC0C00D2FD5E /* ReleaseLite.swift in Sources */ = {isa = PBXBuildFile; fileRef = C03873A52659AC0C00D2FD5E /* ReleaseLite.swift */; };
		C03873A92659AD6100D2FD5E /* Kanna in Frameworks */ = {isa = PBXBuildFile; productRef = C03873A82659AD6100D2FD5E /* Kanna */; };
		C03873AB2659AE4B00D2FD5E /* Discography.swift in Sources */ = {isa = PBXBuildFile; fileRef = C03873AA2659AE4B00D2FD5E /* Discography.swift */; };
		C041C3122658EE74006B0F1F /* Band.swift in Sources */ = {isa = PBXBuildFile; fileRef = C041C3112658EE74006B0F1F /* Band.swift */; };
		C0A37B6A26584DDB0017A02F /* MACountries.json in Resources */ = {isa = PBXBuildFile; fileRef = C0A37B6926584DDB0017A02F /* MACountries.json */; };
		C0A37B6D26584E980017A02F /* Country.swift in Sources */ = {isa = PBXBuildFile; fileRef = C0A37B6C26584E980017A02F /* Country.swift */; };
		C0A37B7026584FB40017A02F /* CountryManager.swift in Sources */ = {isa = PBXBuildFile; fileRef = C0A37B6F26584FB40017A02F /* CountryManager.swift */; };
		C0A37B742658591E0017A02F /* CountryManagerTests.swift in Sources */ = {isa = PBXBuildFile; fileRef = C0A37B732658591E0017A02F /* CountryManagerTests.swift */; };
		C0A37B7826585C4A0017A02F /* StringExtensions.swift in Sources */ = {isa = PBXBuildFile; fileRef = C0A37B7726585C4A0017A02F /* StringExtensions.swift */; };
/* End PBXBuildFile section */

/* Begin PBXContainerItemProxy section */
		C00A79E02657024B004FA9D7 /* PBXContainerItemProxy */ = {
			isa = PBXContainerItemProxy;
			containerPortal = C00A79C626570245004FA9D7 /* Project object */;
			proxyType = 1;
			remoteGlobalIDString = C00A79CD26570245004FA9D7;
			remoteInfo = "Metal Archives";
		};
		C00A79EB2657024B004FA9D7 /* PBXContainerItemProxy */ = {
			isa = PBXContainerItemProxy;
			containerPortal = C00A79C626570245004FA9D7 /* Project object */;
			proxyType = 1;
			remoteGlobalIDString = C00A79CD26570245004FA9D7;
			remoteInfo = "Metal Archives";
		};
/* End PBXContainerItemProxy section */

/* Begin PBXFileReference section */
		C004A2B52658F17B0071E12A /* LabelLite.swift */ = {isa = PBXFileReference; lastKnownFileType = sourcecode.swift; path = LabelLite.swift; sourceTree = "<group>"; };
		C004A2B72658F2E70071E12A /* ModificationInfo.swift */ = {isa = PBXFileReference; lastKnownFileType = sourcecode.swift; path = ModificationInfo.swift; sourceTree = "<group>"; };
		C004A2BA2658F3290071E12A /* UserLite.swift */ = {isa = PBXFileReference; lastKnownFileType = sourcecode.swift; path = UserLite.swift; sourceTree = "<group>"; };
		C004A2BD2658F3760071E12A /* StringExtensions.swift */ = {isa = PBXFileReference; lastKnownFileType = sourcecode.swift; path = StringExtensions.swift; sourceTree = "<group>"; };
		C004A2BF2658F4F40071E12A /* DateFormatterExtensions.swift */ = {isa = PBXFileReference; lastKnownFileType = sourcecode.swift; path = DateFormatterExtensions.swift; sourceTree = "<group>"; };
		C004A2C32658FBF00071E12A /* UserLiteTests.swift */ = {isa = PBXFileReference; lastKnownFileType = sourcecode.swift; path = UserLiteTests.swift; sourceTree = "<group>"; };
		C004A2C52658FE310071E12A /* ModificationInfoTests.swift */ = {isa = PBXFileReference; lastKnownFileType = sourcecode.swift; path = ModificationInfoTests.swift; sourceTree = "<group>"; };
		C004A2C8265900B50071E12A /* LabelLiteTests.swift */ = {isa = PBXFileReference; lastKnownFileType = sourcecode.swift; path = LabelLiteTests.swift; sourceTree = "<group>"; };
		C004A2CA26590D380071E12A /* IntExtensions.swift */ = {isa = PBXFileReference; lastKnownFileType = sourcecode.swift; path = IntExtensions.swift; sourceTree = "<group>"; };
		C004A2CC26590EB50071E12A /* Metal_ArchivesUITests.swift */ = {isa = PBXFileReference; fileEncoding = 4; lastKnownFileType = sourcecode.swift; path = Metal_ArchivesUITests.swift; sourceTree = "<group>"; };
		C004A2CF26590FBD0071E12A /* BandStatusTests.swift */ = {isa = PBXFileReference; lastKnownFileType = sourcecode.swift; path = BandStatusTests.swift; sourceTree = "<group>"; };
		C004A2D2265916020071E12A /* Release.swift */ = {isa = PBXFileReference; lastKnownFileType = sourcecode.swift; path = Release.swift; sourceTree = "<group>"; };
		C004A2D5265918170071E12A /* ReleaseTypeTests.swift */ = {isa = PBXFileReference; lastKnownFileType = sourcecode.swift; path = ReleaseTypeTests.swift; sourceTree = "<group>"; };
		C00A79CE26570245004FA9D7 /* Metal Archives.app */ = {isa = PBXFileReference; explicitFileType = wrapper.application; includeInIndex = 0; path = "Metal Archives.app"; sourceTree = BUILT_PRODUCTS_DIR; };
		C00A79D126570245004FA9D7 /* Metal_ArchivesApp.swift */ = {isa = PBXFileReference; lastKnownFileType = sourcecode.swift; path = Metal_ArchivesApp.swift; sourceTree = "<group>"; };
		C00A79D326570245004FA9D7 /* ContentView.swift */ = {isa = PBXFileReference; lastKnownFileType = sourcecode.swift; path = ContentView.swift; sourceTree = "<group>"; };
		C00A79D52657024A004FA9D7 /* Assets.xcassets */ = {isa = PBXFileReference; lastKnownFileType = folder.assetcatalog; path = Assets.xcassets; sourceTree = "<group>"; };
		C00A79D82657024A004FA9D7 /* Preview Assets.xcassets */ = {isa = PBXFileReference; lastKnownFileType = folder.assetcatalog; path = "Preview Assets.xcassets"; sourceTree = "<group>"; };
		C00A79DA2657024A004FA9D7 /* Info.plist */ = {isa = PBXFileReference; lastKnownFileType = text.plist.xml; path = Info.plist; sourceTree = "<group>"; };
		C00A79DF2657024B004FA9D7 /* Metal ArchivesTests.xctest */ = {isa = PBXFileReference; explicitFileType = wrapper.cfbundle; includeInIndex = 0; path = "Metal ArchivesTests.xctest"; sourceTree = BUILT_PRODUCTS_DIR; };
		C00A79E52657024B004FA9D7 /* Info.plist */ = {isa = PBXFileReference; lastKnownFileType = text.plist.xml; path = Info.plist; sourceTree = "<group>"; };
		C00A79EA2657024B004FA9D7 /* Metal ArchivesUITests.xctest */ = {isa = PBXFileReference; explicitFileType = wrapper.cfbundle; includeInIndex = 0; path = "Metal ArchivesUITests.xctest"; sourceTree = BUILT_PRODUCTS_DIR; };
		C00A79F02657024B004FA9D7 /* Info.plist */ = {isa = PBXFileReference; lastKnownFileType = text.plist.xml; path = Info.plist; sourceTree = "<group>"; };
		C0250C1A265A385400BB6CD9 /* DiscographyTests.swift */ = {isa = PBXFileReference; lastKnownFileType = sourcecode.swift; path = DiscographyTests.swift; sourceTree = "<group>"; };
		C0250C1F265A391400BB6CD9 /* DiscographyLoggedIn.html */ = {isa = PBXFileReference; lastKnownFileType = text.html; path = DiscographyLoggedIn.html; sourceTree = "<group>"; };
		C0250C21265A39DB00BB6CD9 /* DiscographyPublic.html */ = {isa = PBXFileReference; lastKnownFileType = text.html; path = DiscographyPublic.html; sourceTree = "<group>"; };
		C0250C23265A3AA700BB6CD9 /* DiscographyEmpty.html */ = {isa = PBXFileReference; lastKnownFileType = text.html; path = DiscographyEmpty.html; sourceTree = "<group>"; };
		C0250C28265A432500BB6CD9 /* DataExtensions.swift */ = {isa = PBXFileReference; lastKnownFileType = sourcecode.swift; path = DataExtensions.swift; sourceTree = "<group>"; };
		C0250C2D265A541400BB6CD9 /* BandSimilarsLoggedIn.html */ = {isa = PBXFileReference; lastKnownFileType = text.html; path = BandSimilarsLoggedIn.html; sourceTree = "<group>"; };
		C0250C2F265A543500BB6CD9 /* BandSimilarsPublic.html */ = {isa = PBXFileReference; lastKnownFileType = text.html; path = BandSimilarsPublic.html; sourceTree = "<group>"; };
		C0250C31265A545E00BB6CD9 /* BandSimilarsEmpty.html */ = {isa = PBXFileReference; lastKnownFileType = text.html; path = BandSimilarsEmpty.html; sourceTree = "<group>"; };
		C0250C33265A548F00BB6CD9 /* BandSimilarTests.swift */ = {isa = PBXFileReference; lastKnownFileType = sourcecode.swift; path = BandSimilarTests.swift; sourceTree = "<group>"; };
		C0387398265996AE00D2FD5E /* BandStatus.swift */ = {isa = PBXFileReference; lastKnownFileType = sourcecode.swift; name = BandStatus.swift; path = ../../../../../../../Desktop/BandStatus.swift; sourceTree = "<group>"; };
		C038739A265996F000D2FD5E /* ReleaseType.swift */ = {isa = PBXFileReference; lastKnownFileType = sourcecode.swift; path = ReleaseType.swift; sourceTree = "<group>"; };
		C038739C2659A7E700D2FD5E /* BandLite.swift */ = {isa = PBXFileReference; lastKnownFileType = sourcecode.swift; path = BandLite.swift; sourceTree = "<group>"; };
		C038739F2659A92F00D2FD5E /* ArtistLite.swift */ = {isa = PBXFileReference; lastKnownFileType = sourcecode.swift; path = ArtistLite.swift; sourceTree = "<group>"; };
		C03873A12659AAD000D2FD5E /* BandSimilar.swift */ = {isa = PBXFileReference; lastKnownFileType = sourcecode.swift; path = BandSimilar.swift; sourceTree = "<group>"; };
		C03873A32659AB3600D2FD5E /* RelatedLink.swift */ = {isa = PBXFileReference; lastKnownFileType = sourcecode.swift; path = RelatedLink.swift; sourceTree = "<group>"; };
		C03873A52659AC0C00D2FD5E /* ReleaseLite.swift */ = {isa = PBXFileReference; lastKnownFileType = sourcecode.swift; path = ReleaseLite.swift; sourceTree = "<group>"; };
		C03873AA2659AE4B00D2FD5E /* Discography.swift */ = {isa = PBXFileReference; lastKnownFileType = sourcecode.swift; path = Discography.swift; sourceTree = "<group>"; };
		C041C3112658EE74006B0F1F /* Band.swift */ = {isa = PBXFileReference; lastKnownFileType = sourcecode.swift; path = Band.swift; sourceTree = "<group>"; };
		C0A37B6426584A690017A02F /* Metal Archives.entitlements */ = {isa = PBXFileReference; lastKnownFileType = text.plist.entitlements; path = "Metal Archives.entitlements"; sourceTree = "<group>"; };
		C0A37B6926584DDB0017A02F /* MACountries.json */ = {isa = PBXFileReference; lastKnownFileType = text.json; path = MACountries.json; sourceTree = "<group>"; };
		C0A37B6C26584E980017A02F /* Country.swift */ = {isa = PBXFileReference; lastKnownFileType = sourcecode.swift; path = Country.swift; sourceTree = "<group>"; };
		C0A37B6F26584FB40017A02F /* CountryManager.swift */ = {isa = PBXFileReference; lastKnownFileType = sourcecode.swift; path = CountryManager.swift; sourceTree = "<group>"; };
		C0A37B732658591E0017A02F /* CountryManagerTests.swift */ = {isa = PBXFileReference; lastKnownFileType = sourcecode.swift; path = CountryManagerTests.swift; sourceTree = "<group>"; };
		C0A37B7726585C4A0017A02F /* StringExtensions.swift */ = {isa = PBXFileReference; lastKnownFileType = sourcecode.swift; path = StringExtensions.swift; sourceTree = "<group>"; };
/* End PBXFileReference section */

/* Begin PBXFrameworksBuildPhase section */
		C00A79CB26570245004FA9D7 /* Frameworks */ = {
			isa = PBXFrameworksBuildPhase;
			buildActionMask = 2147483647;
			files = (
				C03873A92659AD6100D2FD5E /* Kanna in Frameworks */,
			);
			runOnlyForDeploymentPostprocessing = 0;
		};
		C00A79DC2657024B004FA9D7 /* Frameworks */ = {
			isa = PBXFrameworksBuildPhase;
			buildActionMask = 2147483647;
			files = (
			);
			runOnlyForDeploymentPostprocessing = 0;
		};
		C00A79E72657024B004FA9D7 /* Frameworks */ = {
			isa = PBXFrameworksBuildPhase;
			buildActionMask = 2147483647;
			files = (
			);
			runOnlyForDeploymentPostprocessing = 0;
		};
/* End PBXFrameworksBuildPhase section */

/* Begin PBXGroup section */
		C004A2B92658F31C0071E12A /* User */ = {
			isa = PBXGroup;
			children = (
				C004A2BA2658F3290071E12A /* UserLite.swift */,
			);
			path = User;
			sourceTree = "<group>";
		};
		C004A2BC2658F3630071E12A /* Utilities */ = {
			isa = PBXGroup;
			children = (
				C004A2BF2658F4F40071E12A /* DateFormatterExtensions.swift */,
				C004A2BD2658F3760071E12A /* StringExtensions.swift */,
			);
			path = Utilities;
			sourceTree = "<group>";
		};
		C004A2C12658FBCA0071E12A /* Models */ = {
			isa = PBXGroup;
			children = (
				C004A2CE26590FB00071E12A /* Band */,
				C004A2C7265900AC0071E12A /* Label */,
				C004A2D4265918090071E12A /* Release */,
				C004A2C22658FBDE0071E12A /* User */,
				C004A2C52658FE310071E12A /* ModificationInfoTests.swift */,
			);
			path = Models;
			sourceTree = "<group>";
		};
		C004A2C22658FBDE0071E12A /* User */ = {
			isa = PBXGroup;
			children = (
				C004A2C32658FBF00071E12A /* UserLiteTests.swift */,
			);
			path = User;
			sourceTree = "<group>";
		};
		C004A2C7265900AC0071E12A /* Label */ = {
			isa = PBXGroup;
			children = (
				C004A2C8265900B50071E12A /* LabelLiteTests.swift */,
			);
			path = Label;
			sourceTree = "<group>";
		};
		C004A2CE26590FB00071E12A /* Band */ = {
			isa = PBXGroup;
			children = (
				C0250C33265A548F00BB6CD9 /* BandSimilarTests.swift */,
				C004A2CF26590FBD0071E12A /* BandStatusTests.swift */,
				C0250C1A265A385400BB6CD9 /* DiscographyTests.swift */,
			);
			path = Band;
			sourceTree = "<group>";
		};
		C004A2D1265915F50071E12A /* Release */ = {
			isa = PBXGroup;
			children = (
				C004A2D2265916020071E12A /* Release.swift */,
				C03873A52659AC0C00D2FD5E /* ReleaseLite.swift */,
				C038739A265996F000D2FD5E /* ReleaseType.swift */,
			);
			path = Release;
			sourceTree = "<group>";
		};
		C004A2D4265918090071E12A /* Release */ = {
			isa = PBXGroup;
			children = (
				C004A2D5265918170071E12A /* ReleaseTypeTests.swift */,
			);
			path = Release;
			sourceTree = "<group>";
		};
		C00A79C526570245004FA9D7 = {
			isa = PBXGroup;
			children = (
				C00A79D026570245004FA9D7 /* Metal Archives */,
				C00A79E22657024B004FA9D7 /* Metal ArchivesTests */,
				C00A79ED2657024B004FA9D7 /* Metal ArchivesUITests */,
				C00A79CF26570245004FA9D7 /* Products */,
			);
			sourceTree = "<group>";
		};
		C00A79CF26570245004FA9D7 /* Products */ = {
			isa = PBXGroup;
			children = (
				C00A79CE26570245004FA9D7 /* Metal Archives.app */,
				C00A79DF2657024B004FA9D7 /* Metal ArchivesTests.xctest */,
				C00A79EA2657024B004FA9D7 /* Metal ArchivesUITests.xctest */,
			);
			name = Products;
			sourceTree = "<group>";
		};
		C00A79D026570245004FA9D7 /* Metal Archives */ = {
			isa = PBXGroup;
			children = (
				C0A37B6426584A690017A02F /* Metal Archives.entitlements */,
				C00A79D126570245004FA9D7 /* Metal_ArchivesApp.swift */,
				C00A79D326570245004FA9D7 /* ContentView.swift */,
				C0A37B6E26584F920017A02F /* Managers */,
				C0A37B6626584C1B0017A02F /* Models */,
				C0A37B6726584C2D0017A02F /* Modules */,
				C0A37B6526584C100017A02F /* Networking */,
				C0A37B6826584D990017A02F /* Resources */,
				C004A2BC2658F3630071E12A /* Utilities */,
				C00A79D52657024A004FA9D7 /* Assets.xcassets */,
				C00A79DA2657024A004FA9D7 /* Info.plist */,
				C00A79D72657024A004FA9D7 /* Preview Content */,
			);
			path = "Metal Archives";
			sourceTree = "<group>";
		};
		C00A79D72657024A004FA9D7 /* Preview Content */ = {
			isa = PBXGroup;
			children = (
				C00A79D82657024A004FA9D7 /* Preview Assets.xcassets */,
			);
			path = "Preview Content";
			sourceTree = "<group>";
		};
		C00A79E22657024B004FA9D7 /* Metal ArchivesTests */ = {
			isa = PBXGroup;
			children = (
				C00A79E52657024B004FA9D7 /* Info.plist */,
				C0A37B72265859080017A02F /* Managers */,
				C004A2C12658FBCA0071E12A /* Models */,
				C0250C1C265A386100BB6CD9 /* Resources */,
				C0A37B7626585C380017A02F /* Utilities */,
			);
			path = "Metal ArchivesTests";
			sourceTree = "<group>";
		};
		C00A79ED2657024B004FA9D7 /* Metal ArchivesUITests */ = {
			isa = PBXGroup;
			children = (
				C004A2CC26590EB50071E12A /* Metal_ArchivesUITests.swift */,
				C00A79F02657024B004FA9D7 /* Info.plist */,
			);
			path = "Metal ArchivesUITests";
			sourceTree = "<group>";
		};
		C0250C1C265A386100BB6CD9 /* Resources */ = {
			isa = PBXGroup;
			children = (
				C0250C25265A3AD300BB6CD9 /* Discography */,
				C0250C2C265A53F500BB6CD9 /* BandSimilars */,
			);
			path = Resources;
			sourceTree = "<group>";
		};
		C0250C25265A3AD300BB6CD9 /* Discography */ = {
			isa = PBXGroup;
			children = (
				C0250C23265A3AA700BB6CD9 /* DiscographyEmpty.html */,
				C0250C1F265A391400BB6CD9 /* DiscographyLoggedIn.html */,
				C0250C21265A39DB00BB6CD9 /* DiscographyPublic.html */,
			);
			path = Discography;
			sourceTree = "<group>";
		};
		C0250C2C265A53F500BB6CD9 /* BandSimilars */ = {
			isa = PBXGroup;
			children = (
				C0250C2D265A541400BB6CD9 /* BandSimilarsLoggedIn.html */,
				C0250C2F265A543500BB6CD9 /* BandSimilarsPublic.html */,
				C0250C31265A545E00BB6CD9 /* BandSimilarsEmpty.html */,
			);
			path = BandSimilars;
			sourceTree = "<group>";
		};
		C038739E2659A90A00D2FD5E /* Artist */ = {
			isa = PBXGroup;
			children = (
				C038739F2659A92F00D2FD5E /* ArtistLite.swift */,
			);
			path = Artist;
			sourceTree = "<group>";
		};
		C041C3102658EE5F006B0F1F /* Band */ = {
			isa = PBXGroup;
			children = (
				C041C3112658EE74006B0F1F /* Band.swift */,
				C038739C2659A7E700D2FD5E /* BandLite.swift */,
				C03873A12659AAD000D2FD5E /* BandSimilar.swift */,
				C0387398265996AE00D2FD5E /* BandStatus.swift */,
				C03873AA2659AE4B00D2FD5E /* Discography.swift */,
			);
			path = Band;
			sourceTree = "<group>";
		};
		C041C3132658EF19006B0F1F /* Label */ = {
			isa = PBXGroup;
			children = (
				C004A2B52658F17B0071E12A /* LabelLite.swift */,
			);
			path = Label;
			sourceTree = "<group>";
		};
		C0A37B6526584C100017A02F /* Networking */ = {
			isa = PBXGroup;
			children = (
			);
			path = Networking;
			sourceTree = "<group>";
		};
		C0A37B6626584C1B0017A02F /* Models */ = {
			isa = PBXGroup;
			children = (
				C038739E2659A90A00D2FD5E /* Artist */,
				C041C3102658EE5F006B0F1F /* Band */,
				C041C3132658EF19006B0F1F /* Label */,
				C004A2D1265915F50071E12A /* Release */,
				C004A2B92658F31C0071E12A /* User */,
				C0A37B6C26584E980017A02F /* Country.swift */,
				C004A2B72658F2E70071E12A /* ModificationInfo.swift */,
				C03873A32659AB3600D2FD5E /* RelatedLink.swift */,
			);
			path = Models;
			sourceTree = "<group>";
		};
		C0A37B6726584C2D0017A02F /* Modules */ = {
			isa = PBXGroup;
			children = (
			);
			path = Modules;
			sourceTree = "<group>";
		};
		C0A37B6826584D990017A02F /* Resources */ = {
			isa = PBXGroup;
			children = (
				C0A37B6926584DDB0017A02F /* MACountries.json */,
			);
			path = Resources;
			sourceTree = "<group>";
		};
		C0A37B6E26584F920017A02F /* Managers */ = {
			isa = PBXGroup;
			children = (
				C0A37B6F26584FB40017A02F /* CountryManager.swift */,
			);
			path = Managers;
			sourceTree = "<group>";
		};
		C0A37B72265859080017A02F /* Managers */ = {
			isa = PBXGroup;
			children = (
				C0A37B732658591E0017A02F /* CountryManagerTests.swift */,
			);
			path = Managers;
			sourceTree = "<group>";
		};
		C0A37B7626585C380017A02F /* Utilities */ = {
			isa = PBXGroup;
			children = (
				C0250C28265A432500BB6CD9 /* DataExtensions.swift */,
				C004A2CA26590D380071E12A /* IntExtensions.swift */,
				C0A37B7726585C4A0017A02F /* StringExtensions.swift */,
			);
			path = Utilities;
			sourceTree = "<group>";
		};
/* End PBXGroup section */

/* Begin PBXNativeTarget section */
		C00A79CD26570245004FA9D7 /* Metal Archives */ = {
			isa = PBXNativeTarget;
			buildConfigurationList = C00A79F32657024B004FA9D7 /* Build configuration list for PBXNativeTarget "Metal Archives" */;
			buildPhases = (
				C00A79CA26570245004FA9D7 /* Sources */,
				C00A79CB26570245004FA9D7 /* Frameworks */,
				C00A79CC26570245004FA9D7 /* Resources */,
				C0A37B71265852F80017A02F /* ShellScript */,
			);
			buildRules = (
			);
			dependencies = (
			);
			name = "Metal Archives";
			packageProductDependencies = (
				C03873A82659AD6100D2FD5E /* Kanna */,
			);
			productName = "Metal Archives";
			productReference = C00A79CE26570245004FA9D7 /* Metal Archives.app */;
			productType = "com.apple.product-type.application";
		};
		C00A79DE2657024B004FA9D7 /* Metal ArchivesTests */ = {
			isa = PBXNativeTarget;
			buildConfigurationList = C00A79F62657024B004FA9D7 /* Build configuration list for PBXNativeTarget "Metal ArchivesTests" */;
			buildPhases = (
				C00A79DB2657024B004FA9D7 /* Sources */,
				C00A79DC2657024B004FA9D7 /* Frameworks */,
				C00A79DD2657024B004FA9D7 /* Resources */,
			);
			buildRules = (
			);
			dependencies = (
				C00A79E12657024B004FA9D7 /* PBXTargetDependency */,
			);
			name = "Metal ArchivesTests";
			productName = "Metal ArchivesTests";
			productReference = C00A79DF2657024B004FA9D7 /* Metal ArchivesTests.xctest */;
			productType = "com.apple.product-type.bundle.unit-test";
		};
		C00A79E92657024B004FA9D7 /* Metal ArchivesUITests */ = {
			isa = PBXNativeTarget;
			buildConfigurationList = C00A79F92657024B004FA9D7 /* Build configuration list for PBXNativeTarget "Metal ArchivesUITests" */;
			buildPhases = (
				C00A79E62657024B004FA9D7 /* Sources */,
				C00A79E72657024B004FA9D7 /* Frameworks */,
				C00A79E82657024B004FA9D7 /* Resources */,
			);
			buildRules = (
			);
			dependencies = (
				C00A79EC2657024B004FA9D7 /* PBXTargetDependency */,
			);
			name = "Metal ArchivesUITests";
			productName = "Metal ArchivesUITests";
			productReference = C00A79EA2657024B004FA9D7 /* Metal ArchivesUITests.xctest */;
			productType = "com.apple.product-type.bundle.ui-testing";
		};
/* End PBXNativeTarget section */

/* Begin PBXProject section */
		C00A79C626570245004FA9D7 /* Project object */ = {
			isa = PBXProject;
			attributes = {
				LastSwiftUpdateCheck = 1250;
				LastUpgradeCheck = 1250;
				TargetAttributes = {
					C00A79CD26570245004FA9D7 = {
						CreatedOnToolsVersion = 12.5;
					};
					C00A79DE2657024B004FA9D7 = {
						CreatedOnToolsVersion = 12.5;
						TestTargetID = C00A79CD26570245004FA9D7;
					};
					C00A79E92657024B004FA9D7 = {
						CreatedOnToolsVersion = 12.5;
						LastSwiftMigration = 1250;
						TestTargetID = C00A79CD26570245004FA9D7;
					};
				};
			};
			buildConfigurationList = C00A79C926570245004FA9D7 /* Build configuration list for PBXProject "Metal Archives" */;
			compatibilityVersion = "Xcode 9.3";
			developmentRegion = en;
			hasScannedForEncodings = 0;
			knownRegions = (
				en,
				Base,
			);
			mainGroup = C00A79C526570245004FA9D7;
			packageReferences = (
				C03873A72659AD6100D2FD5E /* XCRemoteSwiftPackageReference "Kanna" */,
			);
			productRefGroup = C00A79CF26570245004FA9D7 /* Products */;
			projectDirPath = "";
			projectRoot = "";
			targets = (
				C00A79CD26570245004FA9D7 /* Metal Archives */,
				C00A79DE2657024B004FA9D7 /* Metal ArchivesTests */,
				C00A79E92657024B004FA9D7 /* Metal ArchivesUITests */,
			);
		};
/* End PBXProject section */

/* Begin PBXResourcesBuildPhase section */
		C00A79CC26570245004FA9D7 /* Resources */ = {
			isa = PBXResourcesBuildPhase;
			buildActionMask = 2147483647;
			files = (
				C00A79D92657024A004FA9D7 /* Preview Assets.xcassets in Resources */,
				C0A37B6A26584DDB0017A02F /* MACountries.json in Resources */,
				C00A79D62657024A004FA9D7 /* Assets.xcassets in Resources */,
			);
			runOnlyForDeploymentPostprocessing = 0;
		};
		C00A79DD2657024B004FA9D7 /* Resources */ = {
			isa = PBXResourcesBuildPhase;
			buildActionMask = 2147483647;
			files = (
				C0250C20265A391400BB6CD9 /* DiscographyLoggedIn.html in Resources */,
				C0250C30265A543500BB6CD9 /* BandSimilarsPublic.html in Resources */,
				C0250C22265A39DB00BB6CD9 /* DiscographyPublic.html in Resources */,
				C0250C2E265A541400BB6CD9 /* BandSimilarsLoggedIn.html in Resources */,
				C0250C24265A3AA700BB6CD9 /* DiscographyEmpty.html in Resources */,
				C0250C32265A545E00BB6CD9 /* BandSimilarsEmpty.html in Resources */,
			);
			runOnlyForDeploymentPostprocessing = 0;
		};
		C00A79E82657024B004FA9D7 /* Resources */ = {
			isa = PBXResourcesBuildPhase;
			buildActionMask = 2147483647;
			files = (
			);
			runOnlyForDeploymentPostprocessing = 0;
		};
/* End PBXResourcesBuildPhase section */

/* Begin PBXShellScriptBuildPhase section */
		C0A37B71265852F80017A02F /* ShellScript */ = {
			isa = PBXShellScriptBuildPhase;
			buildActionMask = 2147483647;
			files = (
			);
			inputFileListPaths = (
			);
			inputPaths = (
			);
			outputFileListPaths = (
			);
			outputPaths = (
			);
			runOnlyForDeploymentPostprocessing = 0;
			shellPath = /bin/sh;
			shellScript = "if which swiftlint >/dev/null; then\n  swiftlint\nelse\n  echo \"warning: SwiftLint not installed, download from https://github.com/realm/SwiftLint\"\nfi\n";
		};
/* End PBXShellScriptBuildPhase section */

/* Begin PBXSourcesBuildPhase section */
		C00A79CA26570245004FA9D7 /* Sources */ = {
			isa = PBXSourcesBuildPhase;
			buildActionMask = 2147483647;
			files = (
				C038739B265996F000D2FD5E /* ReleaseType.swift in Sources */,
				C041C3122658EE74006B0F1F /* Band.swift in Sources */,
				C03873A22659AAD000D2FD5E /* BandSimilar.swift in Sources */,
				C038739D2659A7E700D2FD5E /* BandLite.swift in Sources */,
				C00A79D426570245004FA9D7 /* ContentView.swift in Sources */,
				C004A2BE2658F3760071E12A /* StringExtensions.swift in Sources */,
				C03873A42659AB3600D2FD5E /* RelatedLink.swift in Sources */,
				C004A2BB2658F3290071E12A /* UserLite.swift in Sources */,
				C0387399265996AE00D2FD5E /* BandStatus.swift in Sources */,
				C004A2C02658F4F40071E12A /* DateFormatterExtensions.swift in Sources */,
				C004A2D3265916020071E12A /* Release.swift in Sources */,
				C004A2B82658F2E70071E12A /* ModificationInfo.swift in Sources */,
				C0A37B6D26584E980017A02F /* Country.swift in Sources */,
				C03873A62659AC0C00D2FD5E /* ReleaseLite.swift in Sources */,
				C03873AB2659AE4B00D2FD5E /* Discography.swift in Sources */,
				C03873A02659A92F00D2FD5E /* ArtistLite.swift in Sources */,
				C0A37B7026584FB40017A02F /* CountryManager.swift in Sources */,
				C00A79D226570245004FA9D7 /* Metal_ArchivesApp.swift in Sources */,
				C004A2B62658F17B0071E12A /* LabelLite.swift in Sources */,
			);
			runOnlyForDeploymentPostprocessing = 0;
		};
		C00A79DB2657024B004FA9D7 /* Sources */ = {
			isa = PBXSourcesBuildPhase;
			buildActionMask = 2147483647;
			files = (
				C004A2CB26590D380071E12A /* IntExtensions.swift in Sources */,
				C0250C34265A548F00BB6CD9 /* BandSimilarTests.swift in Sources */,
				C0250C29265A432500BB6CD9 /* DataExtensions.swift in Sources */,
				C0A37B7826585C4A0017A02F /* StringExtensions.swift in Sources */,
				C0A37B742658591E0017A02F /* CountryManagerTests.swift in Sources */,
				C004A2C62658FE310071E12A /* ModificationInfoTests.swift in Sources */,
				C004A2D026590FBD0071E12A /* BandStatusTests.swift in Sources */,
				C004A2C42658FBF00071E12A /* UserLiteTests.swift in Sources */,
				C004A2C9265900B50071E12A /* LabelLiteTests.swift in Sources */,
				C004A2D6265918170071E12A /* ReleaseTypeTests.swift in Sources */,
				C0250C1B265A385400BB6CD9 /* DiscographyTests.swift in Sources */,
			);
			runOnlyForDeploymentPostprocessing = 0;
		};
		C00A79E62657024B004FA9D7 /* Sources */ = {
			isa = PBXSourcesBuildPhase;
			buildActionMask = 2147483647;
			files = (
				C004A2CD26590EB50071E12A /* Metal_ArchivesUITests.swift in Sources */,
			);
			runOnlyForDeploymentPostprocessing = 0;
		};
/* End PBXSourcesBuildPhase section */

/* Begin PBXTargetDependency section */
		C00A79E12657024B004FA9D7 /* PBXTargetDependency */ = {
			isa = PBXTargetDependency;
			target = C00A79CD26570245004FA9D7 /* Metal Archives */;
			targetProxy = C00A79E02657024B004FA9D7 /* PBXContainerItemProxy */;
		};
		C00A79EC2657024B004FA9D7 /* PBXTargetDependency */ = {
			isa = PBXTargetDependency;
			target = C00A79CD26570245004FA9D7 /* Metal Archives */;
			targetProxy = C00A79EB2657024B004FA9D7 /* PBXContainerItemProxy */;
		};
/* End PBXTargetDependency section */

/* Begin XCBuildConfiguration section */
		C00A79F12657024B004FA9D7 /* Debug */ = {
			isa = XCBuildConfiguration;
			buildSettings = {
				ALWAYS_SEARCH_USER_PATHS = NO;
				CLANG_ANALYZER_NONNULL = YES;
				CLANG_ANALYZER_NUMBER_OBJECT_CONVERSION = YES_AGGRESSIVE;
				CLANG_CXX_LANGUAGE_STANDARD = "gnu++14";
				CLANG_CXX_LIBRARY = "libc++";
				CLANG_ENABLE_MODULES = YES;
				CLANG_ENABLE_OBJC_ARC = YES;
				CLANG_ENABLE_OBJC_WEAK = YES;
				CLANG_WARN_BLOCK_CAPTURE_AUTORELEASING = YES;
				CLANG_WARN_BOOL_CONVERSION = YES;
				CLANG_WARN_COMMA = YES;
				CLANG_WARN_CONSTANT_CONVERSION = YES;
				CLANG_WARN_DEPRECATED_OBJC_IMPLEMENTATIONS = YES;
				CLANG_WARN_DIRECT_OBJC_ISA_USAGE = YES_ERROR;
				CLANG_WARN_DOCUMENTATION_COMMENTS = YES;
				CLANG_WARN_EMPTY_BODY = YES;
				CLANG_WARN_ENUM_CONVERSION = YES;
				CLANG_WARN_INFINITE_RECURSION = YES;
				CLANG_WARN_INT_CONVERSION = YES;
				CLANG_WARN_NON_LITERAL_NULL_CONVERSION = YES;
				CLANG_WARN_OBJC_IMPLICIT_RETAIN_SELF = YES;
				CLANG_WARN_OBJC_LITERAL_CONVERSION = YES;
				CLANG_WARN_OBJC_ROOT_CLASS = YES_ERROR;
				CLANG_WARN_QUOTED_INCLUDE_IN_FRAMEWORK_HEADER = YES;
				CLANG_WARN_RANGE_LOOP_ANALYSIS = YES;
				CLANG_WARN_STRICT_PROTOTYPES = YES;
				CLANG_WARN_SUSPICIOUS_MOVE = YES;
				CLANG_WARN_UNGUARDED_AVAILABILITY = YES_AGGRESSIVE;
				CLANG_WARN_UNREACHABLE_CODE = YES;
				CLANG_WARN__DUPLICATE_METHOD_MATCH = YES;
				COPY_PHASE_STRIP = NO;
				DEBUG_INFORMATION_FORMAT = dwarf;
				ENABLE_STRICT_OBJC_MSGSEND = YES;
				ENABLE_TESTABILITY = YES;
				GCC_C_LANGUAGE_STANDARD = gnu11;
				GCC_DYNAMIC_NO_PIC = NO;
				GCC_NO_COMMON_BLOCKS = YES;
				GCC_OPTIMIZATION_LEVEL = 0;
				GCC_PREPROCESSOR_DEFINITIONS = (
					"DEBUG=1",
					"$(inherited)",
				);
				GCC_WARN_64_TO_32_BIT_CONVERSION = YES;
				GCC_WARN_ABOUT_RETURN_TYPE = YES_ERROR;
				GCC_WARN_UNDECLARED_SELECTOR = YES;
				GCC_WARN_UNINITIALIZED_AUTOS = YES_AGGRESSIVE;
				GCC_WARN_UNUSED_FUNCTION = YES;
				GCC_WARN_UNUSED_VARIABLE = YES;
				IPHONEOS_DEPLOYMENT_TARGET = 14.5;
				MTL_ENABLE_DEBUG_INFO = INCLUDE_SOURCE;
				MTL_FAST_MATH = YES;
				ONLY_ACTIVE_ARCH = YES;
				SDKROOT = iphoneos;
				SWIFT_ACTIVE_COMPILATION_CONDITIONS = DEBUG;
				SWIFT_OPTIMIZATION_LEVEL = "-Onone";
			};
			name = Debug;
		};
		C00A79F22657024B004FA9D7 /* Release */ = {
			isa = XCBuildConfiguration;
			buildSettings = {
				ALWAYS_SEARCH_USER_PATHS = NO;
				CLANG_ANALYZER_NONNULL = YES;
				CLANG_ANALYZER_NUMBER_OBJECT_CONVERSION = YES_AGGRESSIVE;
				CLANG_CXX_LANGUAGE_STANDARD = "gnu++14";
				CLANG_CXX_LIBRARY = "libc++";
				CLANG_ENABLE_MODULES = YES;
				CLANG_ENABLE_OBJC_ARC = YES;
				CLANG_ENABLE_OBJC_WEAK = YES;
				CLANG_WARN_BLOCK_CAPTURE_AUTORELEASING = YES;
				CLANG_WARN_BOOL_CONVERSION = YES;
				CLANG_WARN_COMMA = YES;
				CLANG_WARN_CONSTANT_CONVERSION = YES;
				CLANG_WARN_DEPRECATED_OBJC_IMPLEMENTATIONS = YES;
				CLANG_WARN_DIRECT_OBJC_ISA_USAGE = YES_ERROR;
				CLANG_WARN_DOCUMENTATION_COMMENTS = YES;
				CLANG_WARN_EMPTY_BODY = YES;
				CLANG_WARN_ENUM_CONVERSION = YES;
				CLANG_WARN_INFINITE_RECURSION = YES;
				CLANG_WARN_INT_CONVERSION = YES;
				CLANG_WARN_NON_LITERAL_NULL_CONVERSION = YES;
				CLANG_WARN_OBJC_IMPLICIT_RETAIN_SELF = YES;
				CLANG_WARN_OBJC_LITERAL_CONVERSION = YES;
				CLANG_WARN_OBJC_ROOT_CLASS = YES_ERROR;
				CLANG_WARN_QUOTED_INCLUDE_IN_FRAMEWORK_HEADER = YES;
				CLANG_WARN_RANGE_LOOP_ANALYSIS = YES;
				CLANG_WARN_STRICT_PROTOTYPES = YES;
				CLANG_WARN_SUSPICIOUS_MOVE = YES;
				CLANG_WARN_UNGUARDED_AVAILABILITY = YES_AGGRESSIVE;
				CLANG_WARN_UNREACHABLE_CODE = YES;
				CLANG_WARN__DUPLICATE_METHOD_MATCH = YES;
				COPY_PHASE_STRIP = NO;
				DEBUG_INFORMATION_FORMAT = "dwarf-with-dsym";
				ENABLE_NS_ASSERTIONS = NO;
				ENABLE_STRICT_OBJC_MSGSEND = YES;
				GCC_C_LANGUAGE_STANDARD = gnu11;
				GCC_NO_COMMON_BLOCKS = YES;
				GCC_WARN_64_TO_32_BIT_CONVERSION = YES;
				GCC_WARN_ABOUT_RETURN_TYPE = YES_ERROR;
				GCC_WARN_UNDECLARED_SELECTOR = YES;
				GCC_WARN_UNINITIALIZED_AUTOS = YES_AGGRESSIVE;
				GCC_WARN_UNUSED_FUNCTION = YES;
				GCC_WARN_UNUSED_VARIABLE = YES;
				IPHONEOS_DEPLOYMENT_TARGET = 14.5;
				MTL_ENABLE_DEBUG_INFO = NO;
				MTL_FAST_MATH = YES;
				SDKROOT = iphoneos;
				SWIFT_COMPILATION_MODE = wholemodule;
				SWIFT_OPTIMIZATION_LEVEL = "-O";
				VALIDATE_PRODUCT = YES;
			};
			name = Release;
		};
		C00A79F42657024B004FA9D7 /* Debug */ = {
			isa = XCBuildConfiguration;
			buildSettings = {
				ASSETCATALOG_COMPILER_APPICON_NAME = AppIcon;
				ASSETCATALOG_COMPILER_GLOBAL_ACCENT_COLOR_NAME = AccentColor;
				CODE_SIGN_ENTITLEMENTS = "Metal Archives/Metal Archives.entitlements";
				CODE_SIGN_STYLE = Automatic;
				DEVELOPMENT_ASSET_PATHS = "\"Metal Archives/Preview Content\"";
				DEVELOPMENT_TEAM = 975H7B86B7;
				ENABLE_PREVIEWS = YES;
				INFOPLIST_FILE = "Metal Archives/Info.plist";
				IPHONEOS_DEPLOYMENT_TARGET = 14.0;
				LD_RUNPATH_SEARCH_PATHS = (
					"$(inherited)",
					"@executable_path/Frameworks",
				);
				PRODUCT_BUNDLE_IDENTIFIER = "info.nguyenthanhnhon.Metal-Archives.SwiftUI.Metal-Archives";
				PRODUCT_NAME = "$(TARGET_NAME)";
				SUPPORTS_MACCATALYST = YES;
				SWIFT_VERSION = 5.0;
				TARGETED_DEVICE_FAMILY = "1,2";
			};
			name = Debug;
		};
		C00A79F52657024B004FA9D7 /* Release */ = {
			isa = XCBuildConfiguration;
			buildSettings = {
				ASSETCATALOG_COMPILER_APPICON_NAME = AppIcon;
				ASSETCATALOG_COMPILER_GLOBAL_ACCENT_COLOR_NAME = AccentColor;
				CODE_SIGN_ENTITLEMENTS = "Metal Archives/Metal Archives.entitlements";
				CODE_SIGN_STYLE = Automatic;
				DEVELOPMENT_ASSET_PATHS = "\"Metal Archives/Preview Content\"";
				DEVELOPMENT_TEAM = 975H7B86B7;
				ENABLE_PREVIEWS = YES;
				INFOPLIST_FILE = "Metal Archives/Info.plist";
				IPHONEOS_DEPLOYMENT_TARGET = 14.0;
				LD_RUNPATH_SEARCH_PATHS = (
					"$(inherited)",
					"@executable_path/Frameworks",
				);
				PRODUCT_BUNDLE_IDENTIFIER = "info.nguyenthanhnhon.Metal-Archives.SwiftUI.Metal-Archives";
				PRODUCT_NAME = "$(TARGET_NAME)";
				SUPPORTS_MACCATALYST = YES;
				SWIFT_VERSION = 5.0;
				TARGETED_DEVICE_FAMILY = "1,2";
			};
			name = Release;
		};
		C00A79F72657024B004FA9D7 /* Debug */ = {
			isa = XCBuildConfiguration;
			buildSettings = {
				ALWAYS_EMBED_SWIFT_STANDARD_LIBRARIES = YES;
				BUNDLE_LOADER = "$(TEST_HOST)";
				CODE_SIGN_STYLE = Automatic;
				DEVELOPMENT_TEAM = 975H7B86B7;
				INFOPLIST_FILE = "Metal ArchivesTests/Info.plist";
				IPHONEOS_DEPLOYMENT_TARGET = 14.0;
				LD_RUNPATH_SEARCH_PATHS = (
					"$(inherited)",
					"@executable_path/Frameworks",
					"@loader_path/Frameworks",
				);
				PRODUCT_BUNDLE_IDENTIFIER = "info.nguyenthanhnhon.Metal-Archives.SwiftUI.Metal-ArchivesTests";
				PRODUCT_NAME = "$(TARGET_NAME)";
				SWIFT_VERSION = 5.0;
				TARGETED_DEVICE_FAMILY = "1,2";
				TEST_HOST = "$(BUILT_PRODUCTS_DIR)/Metal Archives.app/Metal Archives";
			};
			name = Debug;
		};
		C00A79F82657024B004FA9D7 /* Release */ = {
			isa = XCBuildConfiguration;
			buildSettings = {
				ALWAYS_EMBED_SWIFT_STANDARD_LIBRARIES = YES;
				BUNDLE_LOADER = "$(TEST_HOST)";
				CODE_SIGN_STYLE = Automatic;
				DEVELOPMENT_TEAM = 975H7B86B7;
				INFOPLIST_FILE = "Metal ArchivesTests/Info.plist";
				IPHONEOS_DEPLOYMENT_TARGET = 14.0;
				LD_RUNPATH_SEARCH_PATHS = (
					"$(inherited)",
					"@executable_path/Frameworks",
					"@loader_path/Frameworks",
				);
				PRODUCT_BUNDLE_IDENTIFIER = "info.nguyenthanhnhon.Metal-Archives.SwiftUI.Metal-ArchivesTests";
				PRODUCT_NAME = "$(TARGET_NAME)";
				SWIFT_VERSION = 5.0;
				TARGETED_DEVICE_FAMILY = "1,2";
				TEST_HOST = "$(BUILT_PRODUCTS_DIR)/Metal Archives.app/Metal Archives";
			};
			name = Release;
		};
		C00A79FA2657024B004FA9D7 /* Debug */ = {
			isa = XCBuildConfiguration;
			buildSettings = {
				ALWAYS_EMBED_SWIFT_STANDARD_LIBRARIES = YES;
				CLANG_ENABLE_MODULES = YES;
				CODE_SIGN_STYLE = Automatic;
				DEVELOPMENT_TEAM = 975H7B86B7;
				INFOPLIST_FILE = "Metal ArchivesUITests/Info.plist";
				LD_RUNPATH_SEARCH_PATHS = (
					"$(inherited)",
					"@executable_path/Frameworks",
					"@loader_path/Frameworks",
				);
				PRODUCT_BUNDLE_IDENTIFIER = "info.nguyenthanhnhon.Metal-Archives.SwiftUI.Metal-ArchivesUITests";
				PRODUCT_NAME = "$(TARGET_NAME)";
				SWIFT_OPTIMIZATION_LEVEL = "-Onone";
				SWIFT_VERSION = 5.0;
				TARGETED_DEVICE_FAMILY = "1,2";
				TEST_TARGET_NAME = "Metal Archives";
			};
			name = Debug;
		};
		C00A79FB2657024B004FA9D7 /* Release */ = {
			isa = XCBuildConfiguration;
			buildSettings = {
				ALWAYS_EMBED_SWIFT_STANDARD_LIBRARIES = YES;
				CLANG_ENABLE_MODULES = YES;
				CODE_SIGN_STYLE = Automatic;
				DEVELOPMENT_TEAM = 975H7B86B7;
				INFOPLIST_FILE = "Metal ArchivesUITests/Info.plist";
				LD_RUNPATH_SEARCH_PATHS = (
					"$(inherited)",
					"@executable_path/Frameworks",
					"@loader_path/Frameworks",
				);
				PRODUCT_BUNDLE_IDENTIFIER = "info.nguyenthanhnhon.Metal-Archives.SwiftUI.Metal-ArchivesUITests";
				PRODUCT_NAME = "$(TARGET_NAME)";
				SWIFT_VERSION = 5.0;
				TARGETED_DEVICE_FAMILY = "1,2";
				TEST_TARGET_NAME = "Metal Archives";
			};
			name = Release;
		};
/* End XCBuildConfiguration section */

/* Begin XCConfigurationList section */
		C00A79C926570245004FA9D7 /* Build configuration list for PBXProject "Metal Archives" */ = {
			isa = XCConfigurationList;
			buildConfigurations = (
				C00A79F12657024B004FA9D7 /* Debug */,
				C00A79F22657024B004FA9D7 /* Release */,
			);
			defaultConfigurationIsVisible = 0;
			defaultConfigurationName = Release;
		};
		C00A79F32657024B004FA9D7 /* Build configuration list for PBXNativeTarget "Metal Archives" */ = {
			isa = XCConfigurationList;
			buildConfigurations = (
				C00A79F42657024B004FA9D7 /* Debug */,
				C00A79F52657024B004FA9D7 /* Release */,
			);
			defaultConfigurationIsVisible = 0;
			defaultConfigurationName = Release;
		};
		C00A79F62657024B004FA9D7 /* Build configuration list for PBXNativeTarget "Metal ArchivesTests" */ = {
			isa = XCConfigurationList;
			buildConfigurations = (
				C00A79F72657024B004FA9D7 /* Debug */,
				C00A79F82657024B004FA9D7 /* Release */,
			);
			defaultConfigurationIsVisible = 0;
			defaultConfigurationName = Release;
		};
		C00A79F92657024B004FA9D7 /* Build configuration list for PBXNativeTarget "Metal ArchivesUITests" */ = {
			isa = XCConfigurationList;
			buildConfigurations = (
				C00A79FA2657024B004FA9D7 /* Debug */,
				C00A79FB2657024B004FA9D7 /* Release */,
			);
			defaultConfigurationIsVisible = 0;
			defaultConfigurationName = Release;
		};
/* End XCConfigurationList section */

/* Begin XCRemoteSwiftPackageReference section */
		C03873A72659AD6100D2FD5E /* XCRemoteSwiftPackageReference "Kanna" */ = {
			isa = XCRemoteSwiftPackageReference;
			repositoryURL = "https://github.com/tid-kijyun/Kanna.git";
			requirement = {
				kind = upToNextMajorVersion;
				minimumVersion = 5.2.4;
			};
		};
/* End XCRemoteSwiftPackageReference section */

/* Begin XCSwiftPackageProductDependency section */
		C03873A82659AD6100D2FD5E /* Kanna */ = {
			isa = XCSwiftPackageProductDependency;
			package = C03873A72659AD6100D2FD5E /* XCRemoteSwiftPackageReference "Kanna" */;
			productName = Kanna;
		};
/* End XCSwiftPackageProductDependency section */
	};
	rootObject = C00A79C626570245004FA9D7 /* Project object */;
}
