PODS:
  - Alamofire (4.8.0)
  - AlamofireNetworkActivityIndicator (2.3.0):
    - Alamofire (~> 4.7)
  - AttributedLib (2.1.1)
  - BetterSegmentedControl (1.0.3)
  - Charts (3.2.1):
    - Charts/Core (= 3.2.1)
  - Charts/Core (3.2.1)
  - Crashlytics (3.12.0):
    - Fabric (~> 1.9.0)
  - Fabric (1.9.0)
  - Firebase/Core (5.15.0):
    - Firebase/CoreOnly
    - FirebaseAnalytics (= 5.4.0)
  - Firebase/CoreOnly (5.15.0):
    - FirebaseCore (= 5.1.10)
  - Firebase/Messaging (5.15.0):
    - Firebase/CoreOnly
    - FirebaseMessaging (= 3.2.2)
  - FirebaseAnalytics (5.4.0):
    - FirebaseCore (~> 5.1)
    - FirebaseInstanceID (~> 3.3)
    - GoogleAppMeasurement (= 5.4.0)
    - GoogleUtilities/AppDelegateSwizzler (~> 5.2)
    - GoogleUtilities/MethodSwizzler (~> 5.2)
    - GoogleUtilities/Network (~> 5.2)
    - "GoogleUtilities/NSData+zlib (~> 5.2)"
    - nanopb (~> 0.3)
  - FirebaseAnalyticsInterop (1.1.0)
  - FirebaseCore (5.1.10):
    - GoogleUtilities/Logger (~> 5.2)
  - FirebaseInstanceID (3.3.0):
    - FirebaseCore (~> 5.1)
    - GoogleUtilities/Environment (~> 5.3)
    - GoogleUtilities/UserDefaults (~> 5.3)
  - FirebaseMessaging (3.2.2):
    - FirebaseAnalyticsInterop (~> 1.1)
    - FirebaseCore (~> 5.1)
    - FirebaseInstanceID (~> 3.0)
    - GoogleUtilities/Environment (~> 5.2)
    - GoogleUtilities/Reachability (~> 5.2)
    - Protobuf (~> 3.1)
  - GoogleAppMeasurement (5.4.0):
    - GoogleUtilities/AppDelegateSwizzler (~> 5.2)
    - GoogleUtilities/MethodSwizzler (~> 5.2)
    - GoogleUtilities/Network (~> 5.2)
    - "GoogleUtilities/NSData+zlib (~> 5.2)"
    - nanopb (~> 0.3)
  - GoogleUtilities/AppDelegateSwizzler (5.3.6):
    - GoogleUtilities/Environment
    - GoogleUtilities/Logger
    - GoogleUtilities/Network
  - GoogleUtilities/Environment (5.3.6)
  - GoogleUtilities/Logger (5.3.6):
    - GoogleUtilities/Environment
  - GoogleUtilities/MethodSwizzler (5.3.6):
    - GoogleUtilities/Logger
  - GoogleUtilities/Network (5.3.6):
    - GoogleUtilities/Logger
    - "GoogleUtilities/NSData+zlib"
    - GoogleUtilities/Reachability
  - "GoogleUtilities/NSData+zlib (5.3.6)"
  - GoogleUtilities/Reachability (5.3.6):
    - GoogleUtilities/Logger
  - GoogleUtilities/UserDefaults (5.3.6):
    - GoogleUtilities/Logger
  - Kanna (4.0.3)
  - MarqueeLabel/Swift (3.2.0)
  - nanopb (0.3.901):
    - nanopb/decode (= 0.3.901)
    - nanopb/encode (= 0.3.901)
  - nanopb/decode (0.3.901)
  - nanopb/encode (0.3.901)
  - NotificationBannerSwift (2.0.1):
    - MarqueeLabel/Swift (~> 3.2.0)
    - SnapKit (~> 4.2.0)
  - Protobuf (3.6.1)
  - SDWebImage (4.4.3):
    - SDWebImage/Core (= 4.4.3)
  - SDWebImage/Core (4.4.3)
  - Siren (4.0.1)
  - SkyFloatingLabelTextField (3.6.0)
  - SlideMenuControllerSwift (4.0.0)
  - SnapKit (4.2.0)
  - Toaster (2.1.1)
  - UIColor_Hex_Swift (4.2.0)

DEPENDENCIES:
  - Alamofire (~> 4.8.0)
  - AlamofireNetworkActivityIndicator (~> 2.3.0)
  - AttributedLib (~> 2.1.1)
  - BetterSegmentedControl (~> 1.0.3)
  - Charts (~> 3.2.1)
  - Crashlytics (~> 3.12.0)
  - Firebase/Core
  - Firebase/Messaging
  - Kanna (~> 4.0.3)
  - NotificationBannerSwift (~> 2.0.1)
  - SDWebImage (~> 4.0)
  - Siren (~> 4.0.1)
  - SkyFloatingLabelTextField (~> 3.6.0)
  - SlideMenuControllerSwift (~> 4.0.0)
  - Toaster (~> 2.1.1)
  - UIColor_Hex_Swift (~> 4.2.0)

SPEC REPOS:
  https://github.com/cocoapods/specs.git:
    - Alamofire
    - AlamofireNetworkActivityIndicator
    - AttributedLib
    - BetterSegmentedControl
    - Charts
    - Crashlytics
    - Fabric
    - Firebase
    - FirebaseAnalytics
    - FirebaseAnalyticsInterop
    - FirebaseCore
    - FirebaseInstanceID
    - FirebaseMessaging
    - GoogleAppMeasurement
    - GoogleUtilities
    - Kanna
    - MarqueeLabel
    - nanopb
    - NotificationBannerSwift
    - Protobuf
    - SDWebImage
    - Siren
    - SkyFloatingLabelTextField
    - SlideMenuControllerSwift
    - SnapKit
    - Toaster
    - UIColor_Hex_Swift

SPEC CHECKSUMS:
  Alamofire: 3ec537f71edc9804815215393ae2b1a8ea33a844
  AlamofireNetworkActivityIndicator: 18346ff6d770d9513d0ac6f2d99706f40f93dbaa
  AttributedLib: 2631f25b351a2707bd20310b95e58d6909c26e3b
  BetterSegmentedControl: 4e3bd0bd517b0f6077c9e17f5663a01cff48e2c5
  Charts: f122fb70b19847fa5817d018b77d6c5a2296ab25
  Crashlytics: 07fb167b1694128c1c9a5a5cc319b0e9c3ca0933
  Fabric: f988e33c97f08930a413e08123064d2e5f68d655
  Firebase: 8bb9268bff82374f2cbaaabb143e725743c316ae
  FirebaseAnalytics: c06f9d70577d79074214700a71fd5d39de5550fb
  FirebaseAnalyticsInterop: e5f21be9af6548372e2f0815834ff909bff395a2
  FirebaseCore: 35747502d9e8c6ee217385ad04446c7c2aaf9c5c
  FirebaseInstanceID: e2fa4cb35ef5558c200f7f0ad8a53e212215f93e
  FirebaseMessaging: b412996f6a09337d232bb3a6676ce4d1f353d024
  GoogleAppMeasurement: 98b71f5e04142793729a5ef23e5b96651ff4b70f
  GoogleUtilities: 95996bea7c7d9b8fb811b7507669a4a8762f80c7
  Kanna: 0ebbdd0e7e3308f0aafbd569e79c8cadc5eb877c
  MarqueeLabel: 440a502b91a9179bd98f9fff00ba1150650a1c0e
  nanopb: 2901f78ea1b7b4015c860c2fdd1ea2fee1a18d48
  NotificationBannerSwift: 007774aa590cc9680647b92b2f217bef5c00c32c
  Protobuf: 1eb9700044745f00181c136ef21b8ff3ad5a0fd5
  SDWebImage: c5594f1a19c48d526d321e548902b56b479cd508
  Siren: 03bf04cba44f2a9e9e68b5eabbec5c95c18184e4
  SkyFloatingLabelTextField: 38164979b79512f9ff9288ad8acfc4bbf5d843e3
  SlideMenuControllerSwift: 021d6318201c53d4d4d3710517d43d6c556c7dd0
  SnapKit: fe8a619752f3f27075cc9a90244d75c6c3f27e2a
  Toaster: a6c9532de1ded8105e77376f7dffeb2e12b46dbb
  UIColor_Hex_Swift: bc07fc197421ee896b9ed6dcfa2054b7fbf75145

PODFILE CHECKSUM: f9157b73a3612b271e1f7aa20fb48b0a7a1e8ba2

COCOAPODS: 1.6.1
